# THIS IS AN AUTOGENERATED FILE. DO NOT EDIT THIS FILE DIRECTLY.
# yarn lockfile v1


"@commitlint/types@^11.0.0":
  version "11.0.0"
  resolved "https://registry.npm.taobao.org/@commitlint/types/download/@commitlint/types-11.0.0.tgz?cache=0&other_urls=https%3A%2F%2Fregistry.npm.taobao.org%2F%40commitlint%2Ftypes%2Fdownload%2F%40commitlint%2Ftypes-11.0.0.tgz#719cf05fcc1abb6533610a2e0f5dd1e61eac14fe"
  integrity sha1-cZzwX8wau2UzYQouD13R5h6sFP4=
